
Microsoft Visual Studio Solution File, Format Version 12.00
# Visual Studio Version 16
VisualStudioVersion = 16.0.30104.148
MinimumVisualStudioVersion = 10.0.40219.1
Project("{FAE04EC0-301F-11D3-BF4B-00C04F79EFBC}") = "AlgorithmsOfCSharp", "AlgorithmsOfCSharp.csproj", "{908D8DE9-A6FF-4AF4-A1F6-D23C33E4434C}"
EndProject
Global
	GlobalSection(SolutionConfigurationPlatforms) = preSolution
		Debug|Any CPU = Debug|Any CPU
		Release|Any CPU = Release|Any CPU
	EndGlobalSection
	GlobalSection(ProjectConfigurationPlatforms) = postSolution
		{908D8DE9-A6FF-4AF4-A1F6-D23C33E4434C}.Debug|Any CPU.ActiveCfg = Debug|Any CPU
		{908D8DE9-A6FF-4AF4-A1F6-D23C33E4434C}.Debug|Any CPU.Build.0 = Debug|Any CPU
		{908D8DE9-A6FF-4AF4-A1F6-D23C33E4434C}.Release|Any CPU.ActiveCfg = Release|Any CPU
		{908D8DE9-A6FF-4AF4-A1F6-D23C33E4434C}.Release|Any CPU.Build.0 = Release|Any CPU
	EndGlobalSection
	GlobalSection(SolutionProperties) = preSolution
		HideSolutionNode = FALSE
	EndGlobalSection
	GlobalSection(ExtensibilityGlobals) = postSolution
		SolutionGuid = {C546EEAE-450B-4217-85E8-9484E90E1D18}
	EndGlobalSection
EndGlobal
